// !$*UTF8*$!
{
	archiveVersion = 1;
	classes = {
	};
	objectVersion = 50;
	objects = {

/* Begin PBXBuildFile section */
		1E43E0D3216E955500CD695F /* AppDelegate.swift in Sources */ = {isa = PBXBuildFile; fileRef = 1E43E0D2216E955500CD695F /* AppDelegate.swift */; };
		1E43E0D8216E955500CD695F /* Main.storyboard in Resources */ = {isa = PBXBuildFile; fileRef = 1E43E0D6216E955500CD695F /* Main.storyboard */; };
		1E43E0DA216E955600CD695F /* Assets.xcassets in Resources */ = {isa = PBXBuildFile; fileRef = 1E43E0D9216E955600CD695F /* Assets.xcassets */; };
		1E43E0DD216E955600CD695F /* LaunchScreen.storyboard in Resources */ = {isa = PBXBuildFile; fileRef = 1E43E0DB216E955600CD695F /* LaunchScreen.storyboard */; };
		1E43E0E5216E958400CD695F /* NowPlayingViewController.swift in Sources */ = {isa = PBXBuildFile; fileRef = 1E43E0E4216E958400CD695F /* NowPlayingViewController.swift */; };
		1E43E0E7216E9A3900CD695F /* MovieCell.swift in Sources */ = {isa = PBXBuildFile; fileRef = 1E43E0E6216E9A3900CD695F /* MovieCell.swift */; };
		1EC5043F217289B300253161 /* DetailViewController.swift in Sources */ = {isa = PBXBuildFile; fileRef = 1EC5043E217289B300253161 /* DetailViewController.swift */; };
		1EC5044121729DB300253161 /* PosterCell.swift in Sources */ = {isa = PBXBuildFile; fileRef = 1EC5044021729DB300253161 /* PosterCell.swift */; };
		1EC5044521729E8300253161 /* SuperheroViewController.swift in Sources */ = {isa = PBXBuildFile; fileRef = 1EC5044421729E8300253161 /* SuperheroViewController.swift */; };
		8156D4B131D33FB2DB6DBF3C /* Pods_flix_demo.framework in Frameworks */ = {isa = PBXBuildFile; fileRef = 17CCF75698571DF504766E82 /* Pods_flix_demo.framework */; };
/* End PBXBuildFile section */

/* Begin PBXFileReference section */
		17CCF75698571DF504766E82 /* Pods_flix_demo.framework */ = {isa = PBXFileReference; explicitFileType = wrapper.framework; includeInIndex = 0; path = Pods_flix_demo.framework; sourceTree = BUILT_PRODUCTS_DIR; };
		1E43E0CF216E955500CD695F /* flix_demo.app */ = {isa = PBXFileReference; explicitFileType = wrapper.application; includeInIndex = 0; path = flix_demo.app; sourceTree = BUILT_PRODUCTS_DIR; };
		1E43E0D2216E955500CD695F /* AppDelegate.swift */ = {isa = PBXFileReference; lastKnownFileType = sourcecode.swift; path = AppDelegate.swift; sourceTree = "<group>"; };
		1E43E0D7216E955500CD695F /* Base */ = {isa = PBXFileReference; lastKnownFileType = file.storyboard; name = Base; path = Base.lproj/Main.storyboard; sourceTree = "<group>"; };
		1E43E0D9216E955600CD695F /* Assets.xcassets */ = {isa = PBXFileReference; lastKnownFileType = folder.assetcatalog; path = Assets.xcassets; sourceTree = "<group>"; };
		1E43E0DC216E955600CD695F /* Base */ = {isa = PBXFileReference; lastKnownFileType = file.storyboard; name = Base; path = Base.lproj/LaunchScreen.storyboard; sourceTree = "<group>"; };
		1E43E0DE216E955600CD695F /* Info.plist */ = {isa = PBXFileReference; lastKnownFileType = text.plist.xml; path = Info.plist; sourceTree = "<group>"; };
		1E43E0E4216E958400CD695F /* NowPlayingViewController.swift */ = {isa = PBXFileReference; lastKnownFileType = sourcecode.swift; path = NowPlayingViewController.swift; sourceTree = "<group>"; };
		1E43E0E6216E9A3900CD695F /* MovieCell.swift */ = {isa = PBXFileReference; lastKnownFileType = sourcecode.swift; path = MovieCell.swift; sourceTree = "<group>"; };
		1EC5043E217289B300253161 /* DetailViewController.swift */ = {isa = PBXFileReference; lastKnownFileType = sourcecode.swift; path = DetailViewController.swift; sourceTree = "<group>"; };
		1EC5044021729DB300253161 /* PosterCell.swift */ = {isa = PBXFileReference; lastKnownFileType = sourcecode.swift; path = PosterCell.swift; sourceTree = "<group>"; };
		1EC5044421729E8300253161 /* SuperheroViewController.swift */ = {isa = PBXFileReference; lastKnownFileType = sourcecode.swift; path = SuperheroViewController.swift; sourceTree = "<group>"; };
		E3BE47B25BD59CC78B90AF8A /* Pods-flix_demo.debug.xcconfig */ = {isa = PBXFileReference; includeInIndex = 1; lastKnownFileType = text.xcconfig; name = "Pods-flix_demo.debug.xcconfig"; path = "Pods/Target Support Files/Pods-flix_demo/Pods-flix_demo.debug.xcconfig"; sourceTree = "<group>"; };
		ECD6BB0EA46D2124BCC2A884 /* Pods-flix_demo.release.xcconfig */ = {isa = PBXFileReference; includeInIndex = 1; lastKnownFileType = text.xcconfig; name = "Pods-flix_demo.release.xcconfig"; path = "Pods/Target Support Files/Pods-flix_demo/Pods-flix_demo.release.xcconfig"; sourceTree = "<group>"; };
/* End PBXFileReference section */

/* Begin PBXFrameworksBuildPhase section */
		1E43E0CC216E955500CD695F /* Frameworks */ = {
			isa = PBXFrameworksBuildPhase;
			buildActionMask = 2147483647;
			files = (
				8156D4B131D33FB2DB6DBF3C /* Pods_flix_demo.framework in Frameworks */,
			);
			runOnlyForDeploymentPostprocessing = 0;
		};
/* End PBXFrameworksBuildPhase section */

/* Begin PBXGroup section */
		1E43E0C6216E955500CD695F = {
			isa = PBXGroup;
			children = (
				1E43E0D1216E955500CD695F /* flix_demo */,
				1E43E0D0216E955500CD695F /* Products */,
				FC0A42EEDB13A4B23F5E38CF /* Pods */,
				E05D93B6D3748ED9E53817CE /* Frameworks */,
			);
			sourceTree = "<group>";
		};
		1E43E0D0216E955500CD695F /* Products */ = {
			isa = PBXGroup;
			children = (
				1E43E0CF216E955500CD695F /* flix_demo.app */,
			);
			name = Products;
			sourceTree = "<group>";
		};
		1E43E0D1216E955500CD695F /* flix_demo */ = {
			isa = PBXGroup;
			children = (
				1EC5044321729DD200253161 /* Controller */,
				1EC5044221729DC100253161 /* View */,
				1E43E0D2216E955500CD695F /* AppDelegate.swift */,
				1E43E0D6216E955500CD695F /* Main.storyboard */,
				1E43E0D9216E955600CD695F /* Assets.xcassets */,
				1E43E0DB216E955600CD695F /* LaunchScreen.storyboard */,
				1E43E0DE216E955600CD695F /* Info.plist */,
			);
			path = flix_demo;
			sourceTree = "<group>";
		};
		1EC5044221729DC100253161 /* View */ = {
			isa = PBXGroup;
			children = (
				1EC5044021729DB300253161 /* PosterCell.swift */,
				1E43E0E6216E9A3900CD695F /* MovieCell.swift */,
			);
			path = View;
			sourceTree = "<group>";
		};
		1EC5044321729DD200253161 /* Controller */ = {
			isa = PBXGroup;
			children = (
				1E43E0E4216E958400CD695F /* NowPlayingViewController.swift */,
				1EC5043E217289B300253161 /* DetailViewController.swift */,
				1EC5044421729E8300253161 /* SuperheroViewController.swift */,
			);
			path = Controller;
			sourceTree = "<group>";
		};
		E05D93B6D3748ED9E53817CE /* Frameworks */ = {
			isa = PBXGroup;
			children = (
				17CCF75698571DF504766E82 /* Pods_flix_demo.framework */,
			);
			name = Frameworks;
			sourceTree = "<group>";
		};
		FC0A42EEDB13A4B23F5E38CF /* Pods */ = {
			isa = PBXGroup;
			children = (
				E3BE47B25BD59CC78B90AF8A /* Pods-flix_demo.debug.xcconfig */,
				ECD6BB0EA46D2124BCC2A884 /* Pods-flix_demo.release.xcconfig */,
			);
			name = Pods;
			sourceTree = "<group>";
		};
/* End PBXGroup section */

/* Begin PBXNativeTarget section */
		1E43E0CE216E955500CD695F /* flix_demo */ = {
			isa = PBXNativeTarget;
			buildConfigurationList = 1E43E0E1216E955600CD695F /* Build configuration list for PBXNativeTarget "flix_demo" */;
			buildPhases = (
				97D2322800013484167EDA65 /* [CP] Check Pods Manifest.lock */,
				1E43E0CB216E955500CD695F /* Sources */,
				1E43E0CC216E955500CD695F /* Frameworks */,
				1E43E0CD216E955500CD695F /* Resources */,
				692E41B0A31676810E5A9515 /* [CP] Embed Pods Frameworks */,
			);
			buildRules = (
			);
			dependencies = (
			);
			name = flix_demo;
			productName = flix_demo;
			productReference = 1E43E0CF216E955500CD695F /* flix_demo.app */;
			productType = "com.apple.product-type.application";
		};
/* End PBXNativeTarget section */

/* Begin PBXProject section */
		1E43E0C7216E955500CD695F /* Project object */ = {
			isa = PBXProject;
			attributes = {
				LastSwiftUpdateCheck = 0940;
				LastUpgradeCheck = 0940;
				ORGANIZATIONNAME = Roden;
				TargetAttributes = {
					1E43E0CE216E955500CD695F = {
						CreatedOnToolsVersion = 9.4.1;
						LastSwiftMigration = 1000;
					};
				};
			};
			buildConfigurationList = 1E43E0CA216E955500CD695F /* Build configuration list for PBXProject "flix_demo" */;
			compatibilityVersion = "Xcode 9.3";
			developmentRegion = en;
			hasScannedForEncodings = 0;
			knownRegions = (
				en,
				Base,
			);
			mainGroup = 1E43E0C6216E955500CD695F;
			productRefGroup = 1E43E0D0216E955500CD695F /* Products */;
			projectDirPath = "";
			projectRoot = "";
			targets = (
				1E43E0CE216E955500CD695F /* flix_demo */,
			);
		};
/* End PBXProject section */

/* Begin PBXResourcesBuildPhase section */
		1E43E0CD216E955500CD695F /* Resources */ = {
			isa = PBXResourcesBuildPhase;
			buildActionMask = 2147483647;
			files = (
				1E43E0DD216E955600CD695F /* LaunchScreen.storyboard in Resources */,
				1E43E0DA216E955600CD695F /* Assets.xcassets in Resources */,
				1E43E0D8216E955500CD695F /* Main.storyboard in Resources */,
			);
			runOnlyForDeploymentPostprocessing = 0;
		};
/* End PBXResourcesBuildPhase section */

/* Begin PBXShellScriptBuildPhase section */
		692E41B0A31676810E5A9515 /* [CP] Embed Pods Frameworks */ = {
			isa = PBXShellScriptBuildPhase;
			buildActionMask = 2147483647;
			files = (
			);
			inputPaths = (
				"${SRCROOT}/Pods/Target Support Files/Pods-flix_demo/Pods-flix_demo-frameworks.sh",
				"${BUILT_PRODUCTS_DIR}/Alamofire/Alamofire.framework",
				"${BUILT_PRODUCTS_DIR}/AlamofireImage/AlamofireImage.framework",
			);
			name = "[CP] Embed Pods Frameworks";
			outputPaths = (
				"${TARGET_BUILD_DIR}/${FRAMEWORKS_FOLDER_PATH}/Alamofire.framework",
				"${TARGET_BUILD_DIR}/${FRAMEWORKS_FOLDER_PATH}/AlamofireImage.framework",
			);
			runOnlyForDeploymentPostprocessing = 0;
			shellPath = /bin/sh;
			shellScript = "\"${SRCROOT}/Pods/Target Support Files/Pods-flix_demo/Pods-flix_demo-frameworks.sh\"\n";
			showEnvVarsInLog = 0;
		};
		97D2322800013484167EDA65 /* [CP] Check Pods Manifest.lock */ = {
			isa = PBXShellScriptBuildPhase;
			buildActionMask = 2147483647;
			files = (
			);
			inputPaths = (
				"${PODS_PODFILE_DIR_PATH}/Podfile.lock",
				"${PODS_ROOT}/Manifest.lock",
			);
			name = "[CP] Check Pods Manifest.lock";
			outputPaths = (
				"$(DERIVED_FILE_DIR)/Pods-flix_demo-checkManifestLockResult.txt",
			);
			runOnlyForDeploymentPostprocessing = 0;
			shellPath = /bin/sh;
			shellScript = "diff \"${PODS_PODFILE_DIR_PATH}/Podfile.lock\" \"${PODS_ROOT}/Manifest.lock\" > /dev/null\nif [ $? != 0 ] ; then\n    # print error to STDERR\n    echo \"error: The sandbox is not in sync with the Podfile.lock. Run 'pod install' or update your CocoaPods installation.\" >&2\n    exit 1\nfi\n# This output is used by Xcode 'outputs' to avoid re-running this script phase.\necho \"SUCCESS\" > \"${SCRIPT_OUTPUT_FILE_0}\"\n";
			showEnvVarsInLog = 0;
		};
/* End PBXShellScriptBuildPhase section */

/* Begin PBXSourcesBuildPhase section */
		1E43E0CB216E955500CD695F /* Sources */ = {
			isa = PBXSourcesBuildPhase;
			buildActionMask = 2147483647;
			files = (
				1E43E0E5216E958400CD695F /* NowPlayingViewController.swift in Sources */,
				1EC5044121729DB300253161 /* PosterCell.swift in Sources */,
				1EC5044521729E8300253161 /* SuperheroViewController.swift in Sources */,
				1E43E0D3216E955500CD695F /* AppDelegate.swift in Sources */,
				1E43E0E7216E9A3900CD695F /* MovieCell.swift in Sources */,
				1EC5043F217289B300253161 /* DetailViewController.swift in Sources */,
			);
			runOnlyForDeploymentPostprocessing = 0;
		};
/* End PBXSourcesBuildPhase section */

/* Begin PBXVariantGroup section */
		1E43E0D6216E955500CD695F /* Main.storyboard */ = {
			isa = PBXVariantGroup;
			children = (
				1E43E0D7216E955500CD695F /* Base */,
			);
			name = Main.storyboard;
			sourceTree = "<group>";
		};
		1E43E0DB216E955600CD695F /* LaunchScreen.storyboard */ = {
			isa = PBXVariantGroup;
			children = (
				1E43E0DC216E955600CD695F /* Base */,
			);
			name = LaunchScreen.storyboard;
			sourceTree = "<group>";
		};
/* End PBXVariantGroup section */

/* Begin XCBuildConfiguration section */
		1E43E0DF216E955600CD695F /* Debug */ = {
			isa = XCBuildConfiguration;
			buildSettings = {
				ALWAYS_SEARCH_USER_PATHS = NO;
				CLANG_ANALYZER_NONNULL = YES;
				CLANG_ANALYZER_NUMBER_OBJECT_CONVERSION = YES_AGGRESSIVE;
				CLANG_CXX_LANGUAGE_STANDARD = "gnu++14";
				CLANG_CXX_LIBRARY = "libc++";
				CLANG_ENABLE_MODULES = YES;
				CLANG_ENABLE_OBJC_ARC = YES;
				CLANG_ENABLE_OBJC_WEAK = YES;
				CLANG_WARN_BLOCK_CAPTURE_AUTORELEASING = YES;
				CLANG_WARN_BOOL_CONVERSION = YES;
				CLANG_WARN_COMMA = YES;
				CLANG_WARN_CONSTANT_CONVERSION = YES;
				CLANG_WARN_DEPRECATED_OBJC_IMPLEMENTATIONS = YES;
				CLANG_WARN_DIRECT_OBJC_ISA_USAGE = YES_ERROR;
				CLANG_WARN_DOCUMENTATION_COMMENTS = YES;
				CLANG_WARN_EMPTY_BODY = YES;
				CLANG_WARN_ENUM_CONVERSION = YES;
				CLANG_WARN_INFINITE_RECURSION = YES;
				CLANG_WARN_INT_CONVERSION = YES;
				CLANG_WARN_NON_LITERAL_NULL_CONVERSION = YES;
				CLANG_WARN_OBJC_IMPLICIT_RETAIN_SELF = YES;
				CLANG_WARN_OBJC_LITERAL_CONVERSION = YES;
				CLANG_WARN_OBJC_ROOT_CLASS = YES_ERROR;
				CLANG_WARN_RANGE_LOOP_ANALYSIS = YES;
				CLANG_WARN_STRICT_PROTOTYPES = YES;
				CLANG_WARN_SUSPICIOUS_MOVE = YES;
				CLANG_WARN_UNGUARDED_AVAILABILITY = YES_AGGRESSIVE;
				CLANG_WARN_UNREACHABLE_CODE = YES;
				CLANG_WARN__DUPLICATE_METHOD_MATCH = YES;
				CODE_SIGN_IDENTITY = "iPhone Developer";
				COPY_PHASE_STRIP = NO;
				DEBUG_INFORMATION_FORMAT = dwarf;
				ENABLE_STRICT_OBJC_MSGSEND = YES;
				ENABLE_TESTABILITY = YES;
				GCC_C_LANGUAGE_STANDARD = gnu11;
				GCC_DYNAMIC_NO_PIC = NO;
				GCC_NO_COMMON_BLOCKS = YES;
				GCC_OPTIMIZATION_LEVEL = 0;
				GCC_PREPROCESSOR_DEFINITIONS = (
					"DEBUG=1",
					"$(inherited)",
				);
				GCC_WARN_64_TO_32_BIT_CONVERSION = YES;
				GCC_WARN_ABOUT_RETURN_TYPE = YES_ERROR;
				GCC_WARN_UNDECLARED_SELECTOR = YES;
				GCC_WARN_UNINITIALIZED_AUTOS = YES_AGGRESSIVE;
				GCC_WARN_UNUSED_FUNCTION = YES;
				GCC_WARN_UNUSED_VARIABLE = YES;
				IPHONEOS_DEPLOYMENT_TARGET = 11.4;
				MTL_ENABLE_DEBUG_INFO = YES;
				ONLY_ACTIVE_ARCH = YES;
				SDKROOT = iphoneos;
				SWIFT_ACTIVE_COMPILATION_CONDITIONS = DEBUG;
				SWIFT_OPTIMIZATION_LEVEL = "-Onone";
			};
			name = Debug;
		};
		1E43E0E0216E955600CD695F /* Release */ = {
			isa = XCBuildConfiguration;
			buildSettings = {
				ALWAYS_SEARCH_USER_PATHS = NO;
				CLANG_ANALYZER_NONNULL = YES;
				CLANG_ANALYZER_NUMBER_OBJECT_CONVERSION = YES_AGGRESSIVE;
				CLANG_CXX_LANGUAGE_STANDARD = "gnu++14";
				CLANG_CXX_LIBRARY = "libc++";
				CLANG_ENABLE_MODULES = YES;
				CLANG_ENABLE_OBJC_ARC = YES;
				CLANG_ENABLE_OBJC_WEAK = YES;
				CLANG_WARN_BLOCK_CAPTURE_AUTORELEASING = YES;
				CLANG_WARN_BOOL_CONVERSION = YES;
				CLANG_WARN_COMMA = YES;
				CLANG_WARN_CONSTANT_CONVERSION = YES;
				CLANG_WARN_DEPRECATED_OBJC_IMPLEMENTATIONS = YES;
				CLANG_WARN_DIRECT_OBJC_ISA_USAGE = YES_ERROR;
				CLANG_WARN_DOCUMENTATION_COMMENTS = YES;
				CLANG_WARN_EMPTY_BODY = YES;
				CLANG_WARN_ENUM_CONVERSION = YES;
				CLANG_WARN_INFINITE_RECURSION = YES;
				CLANG_WARN_INT_CONVERSION = YES;
				CLANG_WARN_NON_LITERAL_NULL_CONVERSION = YES;
				CLANG_WARN_OBJC_IMPLICIT_RETAIN_SELF = YES;
				CLANG_WARN_OBJC_LITERAL_CONVERSION = YES;
				CLANG_WARN_OBJC_ROOT_CLASS = YES_ERROR;
				CLANG_WARN_RANGE_LOOP_ANALYSIS = YES;
				CLANG_WARN_STRICT_PROTOTYPES = YES;
				CLANG_WARN_SUSPICIOUS_MOVE = YES;
				CLANG_WARN_UNGUARDED_AVAILABILITY = YES_AGGRESSIVE;
				CLANG_WARN_UNREACHABLE_CODE = YES;
				CLANG_WARN__DUPLICATE_METHOD_MATCH = YES;
				CODE_SIGN_IDENTITY = "iPhone Developer";
				COPY_PHASE_STRIP = NO;
				DEBUG_INFORMATION_FORMAT = "dwarf-with-dsym";
				ENABLE_NS_ASSERTIONS = NO;
				ENABLE_STRICT_OBJC_MSGSEND = YES;
				GCC_C_LANGUAGE_STANDARD = gnu11;
				GCC_NO_COMMON_BLOCKS = YES;
				GCC_WARN_64_TO_32_BIT_CONVERSION = YES;
				GCC_WARN_ABOUT_RETURN_TYPE = YES_ERROR;
				GCC_WARN_UNDECLARED_SELECTOR = YES;
				GCC_WARN_UNINITIALIZED_AUTOS = YES_AGGRESSIVE;
				GCC_WARN_UNUSED_FUNCTION = YES;
				GCC_WARN_UNUSED_VARIABLE = YES;
				IPHONEOS_DEPLOYMENT_TARGET = 11.4;
				MTL_ENABLE_DEBUG_INFO = NO;
				SDKROOT = iphoneos;
				SWIFT_COMPILATION_MODE = wholemodule;
				SWIFT_OPTIMIZATION_LEVEL = "-O";
				VALIDATE_PRODUCT = YES;
			};
			name = Release;
		};
		1E43E0E2216E955600CD695F /* Debug */ = {
			isa = XCBuildConfiguration;
			baseConfigurationReference = E3BE47B25BD59CC78B90AF8A /* Pods-flix_demo.debug.xcconfig */;
			buildSettings = {
				ASSETCATALOG_COMPILER_APPICON_NAME = AppIcon;
				CODE_SIGN_STYLE = Automatic;
				DEVELOPMENT_TEAM = 5RGY9SJT87;
				INFOPLIST_FILE = flix_demo/Info.plist;
				LD_RUNPATH_SEARCH_PATHS = (
					"$(inherited)",
					"@executable_path/Frameworks",
				);
				PRODUCT_BUNDLE_IDENTIFIER = "com.roden.flix-demo";
				PRODUCT_NAME = "$(TARGET_NAME)";
				SWIFT_VERSION = 4.2;
				TARGETED_DEVICE_FAMILY = "1,2";
			};
			name = Debug;
		};
		1E43E0E3216E955600CD695F /* Release */ = {
			isa = XCBuildConfiguration;
			baseConfigurationReference = ECD6BB0EA46D2124BCC2A884 /* Pods-flix_demo.release.xcconfig */;
			buildSettings = {
				ASSETCATALOG_COMPILER_APPICON_NAME = AppIcon;
				CODE_SIGN_STYLE = Automatic;
				DEVELOPMENT_TEAM = 5RGY9SJT87;
				INFOPLIST_FILE = flix_demo/Info.plist;
				LD_RUNPATH_SEARCH_PATHS = (
					"$(inherited)",
					"@executable_path/Frameworks",
				);
				PRODUCT_BUNDLE_IDENTIFIER = "com.roden.flix-demo";
				PRODUCT_NAME = "$(TARGET_NAME)";
				SWIFT_VERSION = 4.2;
				TARGETED_DEVICE_FAMILY = "1,2";
			};
			name = Release;
		};
/* End XCBuildConfiguration section */

/* Begin XCConfigurationList section */
		1E43E0CA216E955500CD695F /* Build configuration list for PBXProject "flix_demo" */ = {
			isa = XCConfigurationList;
			buildConfigurations = (
				1E43E0DF216E955600CD695F /* Debug */,
				1E43E0E0216E955600CD695F /* Release */,
			);
			defaultConfigurationIsVisible = 0;
			defaultConfigurationName = Release;
		};
		1E43E0E1216E955600CD695F /* Build configuration list for PBXNativeTarget "flix_demo" */ = {
			isa = XCConfigurationList;
			buildConfigurations = (
				1E43E0E2216E955600CD695F /* Debug */,
				1E43E0E3216E955600CD695F /* Release */,
			);
			defaultConfigurationIsVisible = 0;
			defaultConfigurationName = Release;
		};
/* End XCConfigurationList section */
	};
	rootObject = 1E43E0C7216E955500CD695F /* Project object */;
}
